
Microsoft Visual Studio Solution File, Format Version 12.00
# Visual Studio 15
VisualStudioVersion = 15.0.28307.136
MinimumVisualStudioVersion = 10.0.40219.1
Project("{FAE04EC0-301F-11D3-BF4B-00C04F79EFBC}") = "EPAM.Task3.01-Lost", "EPAM.Task3.01-Lost\EPAM.Task3.01-Lost.csproj", "{551BE466-62C3-4920-8D03-67E6E4418B1A}"
EndProject
Project("{FAE04EC0-301F-11D3-BF4B-00C04F79EFBC}") = "EPAM.Task3.02-WordFrequency", "EPAM.Task3.02-WordFrequency\EPAM.Task3.02-WordFrequency.csproj", "{1DF7FBA5-436D-4160-A5E2-FA085022AAEA}"
EndProject
Project("{FAE04EC0-301F-11D3-BF4B-00C04F79EFBC}") = "EPAM.Task3.04-DynamicArray", "EPAM.Task3.04-DynamicArray\EPAM.Task3.04-DynamicArray.csproj", "{6B448FEE-52D7-45B8-BD72-E624903F9EB2}"
EndProject
Project("{FAE04EC0-301F-11D3-BF4B-00C04F79EFBC}") = "test", "test\test.csproj", "{6BA3E3E2-BA3B-4CA1-95D9-5316FF86E572}"
EndProject
Global
	GlobalSection(SolutionConfigurationPlatforms) = preSolution
		Debug|Any CPU = Debug|Any CPU
		Release|Any CPU = Release|Any CPU
	EndGlobalSection
	GlobalSection(ProjectConfigurationPlatforms) = postSolution
		{551BE466-62C3-4920-8D03-67E6E4418B1A}.Debug|Any CPU.ActiveCfg = Debug|Any CPU
		{551BE466-62C3-4920-8D03-67E6E4418B1A}.Debug|Any CPU.Build.0 = Debug|Any CPU
		{551BE466-62C3-4920-8D03-67E6E4418B1A}.Release|Any CPU.ActiveCfg = Release|Any CPU
		{551BE466-62C3-4920-8D03-67E6E4418B1A}.Release|Any CPU.Build.0 = Release|Any CPU
		{1DF7FBA5-436D-4160-A5E2-FA085022AAEA}.Debug|Any CPU.ActiveCfg = Debug|Any CPU
		{1DF7FBA5-436D-4160-A5E2-FA085022AAEA}.Debug|Any CPU.Build.0 = Debug|Any CPU
		{1DF7FBA5-436D-4160-A5E2-FA085022AAEA}.Release|Any CPU.ActiveCfg = Release|Any CPU
		{1DF7FBA5-436D-4160-A5E2-FA085022AAEA}.Release|Any CPU.Build.0 = Release|Any CPU
		{6B448FEE-52D7-45B8-BD72-E624903F9EB2}.Debug|Any CPU.ActiveCfg = Debug|Any CPU
		{6B448FEE-52D7-45B8-BD72-E624903F9EB2}.Debug|Any CPU.Build.0 = Debug|Any CPU
		{6B448FEE-52D7-45B8-BD72-E624903F9EB2}.Release|Any CPU.ActiveCfg = Release|Any CPU
		{6B448FEE-52D7-45B8-BD72-E624903F9EB2}.Release|Any CPU.Build.0 = Release|Any CPU
		{6BA3E3E2-BA3B-4CA1-95D9-5316FF86E572}.Debug|Any CPU.ActiveCfg = Debug|Any CPU
		{6BA3E3E2-BA3B-4CA1-95D9-5316FF86E572}.Debug|Any CPU.Build.0 = Debug|Any CPU
		{6BA3E3E2-BA3B-4CA1-95D9-5316FF86E572}.Release|Any CPU.ActiveCfg = Release|Any CPU
		{6BA3E3E2-BA3B-4CA1-95D9-5316FF86E572}.Release|Any CPU.Build.0 = Release|Any CPU
	EndGlobalSection
	GlobalSection(SolutionProperties) = preSolution
		HideSolutionNode = FALSE
	EndGlobalSection
	GlobalSection(ExtensibilityGlobals) = postSolution
		SolutionGuid = {8435EBF2-AC0E-4CDD-9927-2044C1A396D3}
	EndGlobalSection
EndGlobal
