
Microsoft Visual Studio Solution File, Format Version 12.00
# Visual Studio 15
VisualStudioVersion = 15.0.28307.136
MinimumVisualStudioVersion = 10.0.40219.1
Project("{FAE04EC0-301F-11D3-BF4B-00C04F79EFBC}") = "EPAM.Task2.01-Round", "EPAM.Task2.01-Round\EPAM.Task2.01-Round.csproj", "{17072E05-0C64-400D-99A0-F2F6AD722907}"
EndProject
Project("{FAE04EC0-301F-11D3-BF4B-00C04F79EFBC}") = "EPAM.Task2.02-Traingle", "EPAM.Task2.02-Traingle\EPAM.Task2.02-Traingle.csproj", "{38EE8E85-0ACC-4EDB-B71C-B26355D08E1D}"
EndProject
Project("{FAE04EC0-301F-11D3-BF4B-00C04F79EFBC}") = "EPAM.Task2.03-User", "EPAM.Task2.03-User\EPAM.Task2.03-User.csproj", "{5BACEDA4-5E3A-4646-B4D6-3EB58616E5C6}"
EndProject
Project("{FAE04EC0-301F-11D3-BF4B-00C04F79EFBC}") = "EPAM.Task2.04-MyString", "EPAM.Task2.04-MyString\EPAM.Task2.04-MyString.csproj", "{AE6F2944-2EF2-4897-9D53-618EFAA9E81C}"
EndProject
Project("{FAE04EC0-301F-11D3-BF4B-00C04F79EFBC}") = "EPAM.Task2.05-Employee", "EPAM.Task2.05-Employee\EPAM.Task2.05-Employee.csproj", "{455C838B-0357-4B5B-AE06-374044F8DBB1}"
EndProject
Project("{FAE04EC0-301F-11D3-BF4B-00C04F79EFBC}") = "EPAM.Task2.06-Ring", "EPAM.Task2.06-Ring\EPAM.Task2.06-Ring.csproj", "{723CC615-48D3-4108-BC24-3F698CB7470F}"
EndProject
Project("{FAE04EC0-301F-11D3-BF4B-00C04F79EFBC}") = "EPAM.Task2.07-VectorGraphicsEditor", "EPAM.Task2.07-VectorGraphicsEditor\EPAM.Task2.07-VectorGraphicsEditor.csproj", "{7C2C7FB7-5B3A-4C64-A6AC-905B9814D07D}"
EndProject
Project("{FAE04EC0-301F-11D3-BF4B-00C04F79EFBC}") = "EPAM.Task2.08-Game", "EPAM.Task2.08-Game\EPAM.Task2.08-Game.csproj", "{E52A65E0-CD52-4E63-9ED0-0FA03F767C5F}"
EndProject
Global
	GlobalSection(SolutionConfigurationPlatforms) = preSolution
		Debug|Any CPU = Debug|Any CPU
		Release|Any CPU = Release|Any CPU
	EndGlobalSection
	GlobalSection(ProjectConfigurationPlatforms) = postSolution
		{17072E05-0C64-400D-99A0-F2F6AD722907}.Debug|Any CPU.ActiveCfg = Debug|Any CPU
		{17072E05-0C64-400D-99A0-F2F6AD722907}.Debug|Any CPU.Build.0 = Debug|Any CPU
		{17072E05-0C64-400D-99A0-F2F6AD722907}.Release|Any CPU.ActiveCfg = Release|Any CPU
		{17072E05-0C64-400D-99A0-F2F6AD722907}.Release|Any CPU.Build.0 = Release|Any CPU
		{38EE8E85-0ACC-4EDB-B71C-B26355D08E1D}.Debug|Any CPU.ActiveCfg = Debug|Any CPU
		{38EE8E85-0ACC-4EDB-B71C-B26355D08E1D}.Debug|Any CPU.Build.0 = Debug|Any CPU
		{38EE8E85-0ACC-4EDB-B71C-B26355D08E1D}.Release|Any CPU.ActiveCfg = Release|Any CPU
		{38EE8E85-0ACC-4EDB-B71C-B26355D08E1D}.Release|Any CPU.Build.0 = Release|Any CPU
		{5BACEDA4-5E3A-4646-B4D6-3EB58616E5C6}.Debug|Any CPU.ActiveCfg = Debug|Any CPU
		{5BACEDA4-5E3A-4646-B4D6-3EB58616E5C6}.Debug|Any CPU.Build.0 = Debug|Any CPU
		{5BACEDA4-5E3A-4646-B4D6-3EB58616E5C6}.Release|Any CPU.ActiveCfg = Release|Any CPU
		{5BACEDA4-5E3A-4646-B4D6-3EB58616E5C6}.Release|Any CPU.Build.0 = Release|Any CPU
		{AE6F2944-2EF2-4897-9D53-618EFAA9E81C}.Debug|Any CPU.ActiveCfg = Debug|Any CPU
		{AE6F2944-2EF2-4897-9D53-618EFAA9E81C}.Debug|Any CPU.Build.0 = Debug|Any CPU
		{AE6F2944-2EF2-4897-9D53-618EFAA9E81C}.Release|Any CPU.ActiveCfg = Release|Any CPU
		{AE6F2944-2EF2-4897-9D53-618EFAA9E81C}.Release|Any CPU.Build.0 = Release|Any CPU
		{455C838B-0357-4B5B-AE06-374044F8DBB1}.Debug|Any CPU.ActiveCfg = Debug|Any CPU
		{455C838B-0357-4B5B-AE06-374044F8DBB1}.Debug|Any CPU.Build.0 = Debug|Any CPU
		{455C838B-0357-4B5B-AE06-374044F8DBB1}.Release|Any CPU.ActiveCfg = Release|Any CPU
		{455C838B-0357-4B5B-AE06-374044F8DBB1}.Release|Any CPU.Build.0 = Release|Any CPU
		{723CC615-48D3-4108-BC24-3F698CB7470F}.Debug|Any CPU.ActiveCfg = Debug|Any CPU
		{723CC615-48D3-4108-BC24-3F698CB7470F}.Debug|Any CPU.Build.0 = Debug|Any CPU
		{723CC615-48D3-4108-BC24-3F698CB7470F}.Release|Any CPU.ActiveCfg = Release|Any CPU
		{723CC615-48D3-4108-BC24-3F698CB7470F}.Release|Any CPU.Build.0 = Release|Any CPU
		{7C2C7FB7-5B3A-4C64-A6AC-905B9814D07D}.Debug|Any CPU.ActiveCfg = Debug|Any CPU
		{7C2C7FB7-5B3A-4C64-A6AC-905B9814D07D}.Debug|Any CPU.Build.0 = Debug|Any CPU
		{7C2C7FB7-5B3A-4C64-A6AC-905B9814D07D}.Release|Any CPU.ActiveCfg = Release|Any CPU
		{7C2C7FB7-5B3A-4C64-A6AC-905B9814D07D}.Release|Any CPU.Build.0 = Release|Any CPU
		{E52A65E0-CD52-4E63-9ED0-0FA03F767C5F}.Debug|Any CPU.ActiveCfg = Debug|Any CPU
		{E52A65E0-CD52-4E63-9ED0-0FA03F767C5F}.Debug|Any CPU.Build.0 = Debug|Any CPU
		{E52A65E0-CD52-4E63-9ED0-0FA03F767C5F}.Release|Any CPU.ActiveCfg = Release|Any CPU
		{E52A65E0-CD52-4E63-9ED0-0FA03F767C5F}.Release|Any CPU.Build.0 = Release|Any CPU
	EndGlobalSection
	GlobalSection(SolutionProperties) = preSolution
		HideSolutionNode = FALSE
	EndGlobalSection
	GlobalSection(ExtensibilityGlobals) = postSolution
		SolutionGuid = {0D1D9FBC-94F4-467B-AC82-3E3E0F31ED6B}
	EndGlobalSection
EndGlobal
