
Microsoft Visual Studio Solution File, Format Version 12.00
# Visual Studio 15
VisualStudioVersion = 15.0.28307.168
MinimumVisualStudioVersion = 10.0.40219.1
Project("{FAE04EC0-301F-11D3-BF4B-00C04F79EFBC}") = "EPAM.Task6.01-Users.BLL", "EPAM.Task6.01-Users.BLL\EPAM.Task6.01-Users.BLL.csproj", "{5D0786A8-91C5-4D7E-8490-BA62C50D4D4E}"
EndProject
Project("{2150E333-8FDC-42A3-9474-1A3956D46DE8}") = "PL", "PL", "{3B30F39C-19D8-4D65-A7B3-CAA88CF51598}"
EndProject
Project("{2150E333-8FDC-42A3-9474-1A3956D46DE8}") = "BLL", "BLL", "{CDDAEC26-6AEA-48DE-95DD-3B84747ABEE5}"
EndProject
Project("{2150E333-8FDC-42A3-9474-1A3956D46DE8}") = "DAL", "DAL", "{53D249AA-912E-4BE4-968B-28EE8A64EF80}"
EndProject
Project("{FAE04EC0-301F-11D3-BF4B-00C04F79EFBC}") = "EPAM.Task6.01-Users.DAL", "EPAM.Task6.01-Users.DAL\EPAM.Task6.01-Users.DAL.csproj", "{E0B555F5-9DCD-4A30-8089-EBE2B667F652}"
EndProject
Project("{FAE04EC0-301F-11D3-BF4B-00C04F79EFBC}") = "EPAM.Task6.01-Users.BLL.Interfaces", "EPAM.Task6.01-Users.BLL.Interfaces\EPAM.Task6.01-Users.BLL.Interfaces.csproj", "{5512DD45-9C93-423A-9AB4-709B493BD79C}"
EndProject
Project("{FAE04EC0-301F-11D3-BF4B-00C04F79EFBC}") = "EPAM.Task6.01-Users.DAL.Interfaces", "EPAM.Task6.01-Users.DAL.Interfaces\EPAM.Task6.01-Users.DAL.Interfaces.csproj", "{A7E0480E-546B-45DA-B714-5867A9808B6F}"
EndProject
Project("{FAE04EC0-301F-11D3-BF4B-00C04F79EFBC}") = "EPAM.Task6.01-Users.ConsolePL", "EPAM.Task6.01-Users.ConsolePL\EPAM.Task6.01-Users.ConsolePL.csproj", "{5CEDC1C6-7BA4-472B-A3DA-EA166F85B5B0}"
EndProject
Project("{2150E333-8FDC-42A3-9474-1A3956D46DE8}") = "Common", "Common", "{8D84747B-8568-40E0-A984-8E7E167ECC59}"
EndProject
Project("{FAE04EC0-301F-11D3-BF4B-00C04F79EFBC}") = "EPAM.Task6.01-Users.Entities", "EPAM.Task6.01-Users.Entities\EPAM.Task6.01-Users.Entities.csproj", "{BE3AF3D5-7900-4D95-BF54-220AA92398AD}"
EndProject
Project("{FAE04EC0-301F-11D3-BF4B-00C04F79EFBC}") = "EPAM.Task6.01-Users.Common", "EPAM.Task6.01-Users.Common\EPAM.Task6.01-Users.Common.csproj", "{E0413C97-49CC-4E84-B405-B70D9F20EC3B}"
EndProject
Project("{FAE04EC0-301F-11D3-BF4B-00C04F79EFBC}") = "EPAM.Task6.10-Users.WebUI", "EPAM.Task6.10-Users.WebUI\EPAM.Task6.10-Users.WebUI.csproj", "{A056AE67-B895-444D-9BFE-DC0B62ABAB27}"
EndProject
Global
	GlobalSection(SolutionConfigurationPlatforms) = preSolution
		Debug|Any CPU = Debug|Any CPU
		Release|Any CPU = Release|Any CPU
	EndGlobalSection
	GlobalSection(ProjectConfigurationPlatforms) = postSolution
		{5D0786A8-91C5-4D7E-8490-BA62C50D4D4E}.Debug|Any CPU.ActiveCfg = Debug|Any CPU
		{5D0786A8-91C5-4D7E-8490-BA62C50D4D4E}.Debug|Any CPU.Build.0 = Debug|Any CPU
		{5D0786A8-91C5-4D7E-8490-BA62C50D4D4E}.Release|Any CPU.ActiveCfg = Release|Any CPU
		{5D0786A8-91C5-4D7E-8490-BA62C50D4D4E}.Release|Any CPU.Build.0 = Release|Any CPU
		{E0B555F5-9DCD-4A30-8089-EBE2B667F652}.Debug|Any CPU.ActiveCfg = Debug|Any CPU
		{E0B555F5-9DCD-4A30-8089-EBE2B667F652}.Debug|Any CPU.Build.0 = Debug|Any CPU
		{E0B555F5-9DCD-4A30-8089-EBE2B667F652}.Release|Any CPU.ActiveCfg = Release|Any CPU
		{E0B555F5-9DCD-4A30-8089-EBE2B667F652}.Release|Any CPU.Build.0 = Release|Any CPU
		{5512DD45-9C93-423A-9AB4-709B493BD79C}.Debug|Any CPU.ActiveCfg = Debug|Any CPU
		{5512DD45-9C93-423A-9AB4-709B493BD79C}.Debug|Any CPU.Build.0 = Debug|Any CPU
		{5512DD45-9C93-423A-9AB4-709B493BD79C}.Release|Any CPU.ActiveCfg = Release|Any CPU
		{5512DD45-9C93-423A-9AB4-709B493BD79C}.Release|Any CPU.Build.0 = Release|Any CPU
		{A7E0480E-546B-45DA-B714-5867A9808B6F}.Debug|Any CPU.ActiveCfg = Debug|Any CPU
		{A7E0480E-546B-45DA-B714-5867A9808B6F}.Debug|Any CPU.Build.0 = Debug|Any CPU
		{A7E0480E-546B-45DA-B714-5867A9808B6F}.Release|Any CPU.ActiveCfg = Release|Any CPU
		{A7E0480E-546B-45DA-B714-5867A9808B6F}.Release|Any CPU.Build.0 = Release|Any CPU
		{5CEDC1C6-7BA4-472B-A3DA-EA166F85B5B0}.Debug|Any CPU.ActiveCfg = Debug|Any CPU
		{5CEDC1C6-7BA4-472B-A3DA-EA166F85B5B0}.Debug|Any CPU.Build.0 = Debug|Any CPU
		{5CEDC1C6-7BA4-472B-A3DA-EA166F85B5B0}.Release|Any CPU.ActiveCfg = Release|Any CPU
		{5CEDC1C6-7BA4-472B-A3DA-EA166F85B5B0}.Release|Any CPU.Build.0 = Release|Any CPU
		{BE3AF3D5-7900-4D95-BF54-220AA92398AD}.Debug|Any CPU.ActiveCfg = Debug|Any CPU
		{BE3AF3D5-7900-4D95-BF54-220AA92398AD}.Debug|Any CPU.Build.0 = Debug|Any CPU
		{BE3AF3D5-7900-4D95-BF54-220AA92398AD}.Release|Any CPU.ActiveCfg = Release|Any CPU
		{BE3AF3D5-7900-4D95-BF54-220AA92398AD}.Release|Any CPU.Build.0 = Release|Any CPU
		{E0413C97-49CC-4E84-B405-B70D9F20EC3B}.Debug|Any CPU.ActiveCfg = Debug|Any CPU
		{E0413C97-49CC-4E84-B405-B70D9F20EC3B}.Debug|Any CPU.Build.0 = Debug|Any CPU
		{E0413C97-49CC-4E84-B405-B70D9F20EC3B}.Release|Any CPU.ActiveCfg = Release|Any CPU
		{E0413C97-49CC-4E84-B405-B70D9F20EC3B}.Release|Any CPU.Build.0 = Release|Any CPU
		{A056AE67-B895-444D-9BFE-DC0B62ABAB27}.Debug|Any CPU.ActiveCfg = Debug|Any CPU
		{A056AE67-B895-444D-9BFE-DC0B62ABAB27}.Debug|Any CPU.Build.0 = Debug|Any CPU
		{A056AE67-B895-444D-9BFE-DC0B62ABAB27}.Release|Any CPU.ActiveCfg = Release|Any CPU
		{A056AE67-B895-444D-9BFE-DC0B62ABAB27}.Release|Any CPU.Build.0 = Release|Any CPU
	EndGlobalSection
	GlobalSection(SolutionProperties) = preSolution
		HideSolutionNode = FALSE
	EndGlobalSection
	GlobalSection(NestedProjects) = preSolution
		{5D0786A8-91C5-4D7E-8490-BA62C50D4D4E} = {CDDAEC26-6AEA-48DE-95DD-3B84747ABEE5}
		{E0B555F5-9DCD-4A30-8089-EBE2B667F652} = {53D249AA-912E-4BE4-968B-28EE8A64EF80}
		{5512DD45-9C93-423A-9AB4-709B493BD79C} = {CDDAEC26-6AEA-48DE-95DD-3B84747ABEE5}
		{A7E0480E-546B-45DA-B714-5867A9808B6F} = {53D249AA-912E-4BE4-968B-28EE8A64EF80}
		{5CEDC1C6-7BA4-472B-A3DA-EA166F85B5B0} = {3B30F39C-19D8-4D65-A7B3-CAA88CF51598}
		{BE3AF3D5-7900-4D95-BF54-220AA92398AD} = {8D84747B-8568-40E0-A984-8E7E167ECC59}
		{E0413C97-49CC-4E84-B405-B70D9F20EC3B} = {8D84747B-8568-40E0-A984-8E7E167ECC59}
		{A056AE67-B895-444D-9BFE-DC0B62ABAB27} = {3B30F39C-19D8-4D65-A7B3-CAA88CF51598}
	EndGlobalSection
	GlobalSection(ExtensibilityGlobals) = postSolution
		SolutionGuid = {A0460414-F991-4DE4-B7BB-661C10EF4AED}
	EndGlobalSection
EndGlobal
