
Microsoft Visual Studio Solution File, Format Version 12.00
# Visual Studio 15
VisualStudioVersion = 15.0.28307.271
MinimumVisualStudioVersion = 10.0.40219.1
Project("{FAE04EC0-301F-11D3-BF4B-00C04F79EFBC}") = "EPAM.Task7.01-DateExistance", "EPAM.Task7.01-DateExistance\EPAM.Task7.01-DateExistance.csproj", "{16C2FE40-87F3-4444-A0C3-7C87F7AADA5F}"
EndProject
Project("{FAE04EC0-301F-11D3-BF4B-00C04F79EFBC}") = "EPAM.Task7.03-EmailFinder", "EPAM.Task7.03-EmailFinder\EPAM.Task7.03-EmailFinder.csproj", "{3180BFB6-1FCA-458A-BD99-E9B1B93B8553}"
EndProject
Project("{FAE04EC0-301F-11D3-BF4B-00C04F79EFBC}") = "EPAM.Task7.02-HTMLReplacer", "EPAM.Task7.02-HTMLReplacer\EPAM.Task7.02-HTMLReplacer.csproj", "{A3F3069B-F2DE-4BEB-85B5-57E68EDE483F}"
EndProject
Project("{FAE04EC0-301F-11D3-BF4B-00C04F79EFBC}") = "EPAM.Task7.04-NumberValidator", "EPAM.Task7.04-NumberValidator\EPAM.Task7.04-NumberValidator.csproj", "{1A4C68CB-32B6-41F5-986E-E657EAA07C33}"
EndProject
Project("{FAE04EC0-301F-11D3-BF4B-00C04F79EFBC}") = "EPAM.Task7.05-TImeCounter", "EPAM.Task7.05-TImeCounter\EPAM.Task7.05-TImeCounter.csproj", "{DFCB1B04-2824-43B2-AC92-8A7A6A731CE7}"
EndProject
Global
	GlobalSection(SolutionConfigurationPlatforms) = preSolution
		Debug|Any CPU = Debug|Any CPU
		Release|Any CPU = Release|Any CPU
	EndGlobalSection
	GlobalSection(ProjectConfigurationPlatforms) = postSolution
		{16C2FE40-87F3-4444-A0C3-7C87F7AADA5F}.Debug|Any CPU.ActiveCfg = Debug|Any CPU
		{16C2FE40-87F3-4444-A0C3-7C87F7AADA5F}.Debug|Any CPU.Build.0 = Debug|Any CPU
		{16C2FE40-87F3-4444-A0C3-7C87F7AADA5F}.Release|Any CPU.ActiveCfg = Release|Any CPU
		{16C2FE40-87F3-4444-A0C3-7C87F7AADA5F}.Release|Any CPU.Build.0 = Release|Any CPU
		{3180BFB6-1FCA-458A-BD99-E9B1B93B8553}.Debug|Any CPU.ActiveCfg = Debug|Any CPU
		{3180BFB6-1FCA-458A-BD99-E9B1B93B8553}.Debug|Any CPU.Build.0 = Debug|Any CPU
		{3180BFB6-1FCA-458A-BD99-E9B1B93B8553}.Release|Any CPU.ActiveCfg = Release|Any CPU
		{3180BFB6-1FCA-458A-BD99-E9B1B93B8553}.Release|Any CPU.Build.0 = Release|Any CPU
		{A3F3069B-F2DE-4BEB-85B5-57E68EDE483F}.Debug|Any CPU.ActiveCfg = Debug|Any CPU
		{A3F3069B-F2DE-4BEB-85B5-57E68EDE483F}.Debug|Any CPU.Build.0 = Debug|Any CPU
		{A3F3069B-F2DE-4BEB-85B5-57E68EDE483F}.Release|Any CPU.ActiveCfg = Release|Any CPU
		{A3F3069B-F2DE-4BEB-85B5-57E68EDE483F}.Release|Any CPU.Build.0 = Release|Any CPU
		{1A4C68CB-32B6-41F5-986E-E657EAA07C33}.Debug|Any CPU.ActiveCfg = Debug|Any CPU
		{1A4C68CB-32B6-41F5-986E-E657EAA07C33}.Debug|Any CPU.Build.0 = Debug|Any CPU
		{1A4C68CB-32B6-41F5-986E-E657EAA07C33}.Release|Any CPU.ActiveCfg = Release|Any CPU
		{1A4C68CB-32B6-41F5-986E-E657EAA07C33}.Release|Any CPU.Build.0 = Release|Any CPU
		{DFCB1B04-2824-43B2-AC92-8A7A6A731CE7}.Debug|Any CPU.ActiveCfg = Debug|Any CPU
		{DFCB1B04-2824-43B2-AC92-8A7A6A731CE7}.Debug|Any CPU.Build.0 = Debug|Any CPU
		{DFCB1B04-2824-43B2-AC92-8A7A6A731CE7}.Release|Any CPU.ActiveCfg = Release|Any CPU
		{DFCB1B04-2824-43B2-AC92-8A7A6A731CE7}.Release|Any CPU.Build.0 = Release|Any CPU
	EndGlobalSection
	GlobalSection(SolutionProperties) = preSolution
		HideSolutionNode = FALSE
	EndGlobalSection
	GlobalSection(ExtensibilityGlobals) = postSolution
		SolutionGuid = {37C12F27-678E-469C-BDEA-DBD46A67D972}
	EndGlobalSection
EndGlobal
